
Microsoft Visual Studio Solution File, Format Version 12.00
# Visual Studio Version 17
VisualStudioVersion = 17.6.33829.357
MinimumVisualStudioVersion = 10.0.40219.1
Project("{FAE04EC0-301F-11D3-BF4B-00C04F79EFBC}") = "ExeceptionHandling", "ExeceptionHandling.csproj", "{96010A18-76D0-4E8B-BB1E-B8E9F1EF3293}"
EndProject
Global
	GlobalSection(SolutionConfigurationPlatforms) = preSolution
		Debug|Any CPU = Debug|Any CPU
		Release|Any CPU = Release|Any CPU
	EndGlobalSection
	GlobalSection(ProjectConfigurationPlatforms) = postSolution
		{96010A18-76D0-4E8B-BB1E-B8E9F1EF3293}.Debug|Any CPU.ActiveCfg = Debug|Any CPU
		{96010A18-76D0-4E8B-BB1E-B8E9F1EF3293}.Debug|Any CPU.Build.0 = Debug|Any CPU
		{96010A18-76D0-4E8B-BB1E-B8E9F1EF3293}.Release|Any CPU.ActiveCfg = Release|Any CPU
		{96010A18-76D0-4E8B-BB1E-B8E9F1EF3293}.Release|Any CPU.Build.0 = Release|Any CPU
	EndGlobalSection
	GlobalSection(SolutionProperties) = preSolution
		HideSolutionNode = FALSE
	EndGlobalSection
	GlobalSection(ExtensibilityGlobals) = postSolution
		SolutionGuid = {C33DFD06-880A-4001-9843-5161BBCBE0DB}
	EndGlobalSection
EndGlobal
